// !$*UTF8*$!
{
	archiveVersion = 1;
	classes = {
	};
	objectVersion = 48;
	objects = {

/* Begin PBXBuildFile section */
		93092970203AEFAE00C87E46 /* Error.swift in Sources */ = {isa = PBXBuildFile; fileRef = 9309296F203AEFAE00C87E46 /* Error.swift */; };
		9314207B206D4810003C5DFA /* SerchListViewController.swift in Sources */ = {isa = PBXBuildFile; fileRef = 9314207A206D4810003C5DFA /* SerchListViewController.swift */; };
		9323E638204D7DD10032C60B /* SnapKit.framework in Frameworks */ = {isa = PBXBuildFile; fileRef = 9323E635204D7DC70032C60B /* SnapKit.framework */; };
		933B70D0206A91A300EA4217 /* DateFormatable.swift in Sources */ = {isa = PBXBuildFile; fileRef = 933B70CF206A91A300EA4217 /* DateFormatable.swift */; };
		933B70D2206A977500EA4217 /* TrialCancelDateHandler.swift in Sources */ = {isa = PBXBuildFile; fileRef = 933B70D1206A977500EA4217 /* TrialCancelDateHandler.swift */; };
		934C4C332033313100E85BBB /* AppDelegate.swift in Sources */ = {isa = PBXBuildFile; fileRef = 934C4C322033313100E85BBB /* AppDelegate.swift */; };
		934C4C352033313100E85BBB /* TrialListViewController.swift in Sources */ = {isa = PBXBuildFile; fileRef = 934C4C342033313100E85BBB /* TrialListViewController.swift */; };
		934C4C382033313100E85BBB /* Main.storyboard in Resources */ = {isa = PBXBuildFile; fileRef = 934C4C362033313100E85BBB /* Main.storyboard */; };
		934C4C3B2033313100E85BBB /* _0DayTrial.xcdatamodeld in Sources */ = {isa = PBXBuildFile; fileRef = 934C4C392033313100E85BBB /* _0DayTrial.xcdatamodeld */; };
		934C4C3D2033313100E85BBB /* Assets.xcassets in Resources */ = {isa = PBXBuildFile; fileRef = 934C4C3C2033313100E85BBB /* Assets.xcassets */; };
		934C4C402033313100E85BBB /* LaunchScreen.storyboard in Resources */ = {isa = PBXBuildFile; fileRef = 934C4C3E2033313100E85BBB /* LaunchScreen.storyboard */; };
		934C4C4A203331A900E85BBB /* TrialPeriod.swift in Sources */ = {isa = PBXBuildFile; fileRef = 934C4C49203331A900E85BBB /* TrialPeriod.swift */; };
		934C4C4C20335A1800E85BBB /* TrialHandler.swift in Sources */ = {isa = PBXBuildFile; fileRef = 934C4C4B20335A1800E85BBB /* TrialHandler.swift */; };
		9352F6E220482A59003A75C0 /* TrialTableViewDatasource.swift in Sources */ = {isa = PBXBuildFile; fileRef = 9352F6E120482A59003A75C0 /* TrialTableViewDatasource.swift */; };
		9352F6E42048304A003A75C0 /* CustomTrialViewController.swift in Sources */ = {isa = PBXBuildFile; fileRef = 9352F6E32048304A003A75C0 /* CustomTrialViewController.swift */; };
		9352F6E6204842C1003A75C0 /* CustomUIControls.swift in Sources */ = {isa = PBXBuildFile; fileRef = 9352F6E5204842C1003A75C0 /* CustomUIControls.swift */; };
		9352F6E8204842D6003A75C0 /* CustomUITextViews.swift in Sources */ = {isa = PBXBuildFile; fileRef = 9352F6E7204842D6003A75C0 /* CustomUITextViews.swift */; };
		9352F6EA20484339003A75C0 /* CustomUIBars.swift in Sources */ = {isa = PBXBuildFile; fileRef = 9352F6E920484339003A75C0 /* CustomUIBars.swift */; };
		93676DD2204E9B7700E0DB0D /* NotValidatedFeedback.swift in Sources */ = {isa = PBXBuildFile; fileRef = 93676DD1204E9B7700E0DB0D /* NotValidatedFeedback.swift */; };
		93676DD4204E9BCA00E0DB0D /* Validatable.swift in Sources */ = {isa = PBXBuildFile; fileRef = 93676DD3204E9BCA00E0DB0D /* Validatable.swift */; };
		93676DD6204E9C0200E0DB0D /* ValidatorRules.swift in Sources */ = {isa = PBXBuildFile; fileRef = 93676DD5204E9C0200E0DB0D /* ValidatorRules.swift */; };
		93676DD8204E9C7200E0DB0D /* ValidatorError.swift in Sources */ = {isa = PBXBuildFile; fileRef = 93676DD7204E9C7200E0DB0D /* ValidatorError.swift */; };
		93676DDA204E9CCE00E0DB0D /* StringValidator.swift in Sources */ = {isa = PBXBuildFile; fileRef = 93676DD9204E9CCE00E0DB0D /* StringValidator.swift */; };
		93676DDC204E9D7C00E0DB0D /* StringHolder.swift in Sources */ = {isa = PBXBuildFile; fileRef = 93676DDB204E9D7C00E0DB0D /* StringHolder.swift */; };
		9395E619206B878F00E3574C /* LocalNotifier.swift in Sources */ = {isa = PBXBuildFile; fileRef = 9395E618206B878F00E3574C /* LocalNotifier.swift */; };
		939C71AB20610E4C00E068D2 /* DataStandardTrials.swift in Sources */ = {isa = PBXBuildFile; fileRef = 939C71AA20610E4C00E068D2 /* DataStandardTrials.swift */; };
		93B2BB26206C137600E2BF2E /* BaseListViewController.swift in Sources */ = {isa = PBXBuildFile; fileRef = 93B2BB25206C137600E2BF2E /* BaseListViewController.swift */; };
		93C70219205BF56A00F75A99 /* StandardTrialViewController.swift in Sources */ = {isa = PBXBuildFile; fileRef = 93C70218205BF56A00F75A99 /* StandardTrialViewController.swift */; };
		93E4EC65203D7E0D00B28F24 /* AlertHelper.swift in Sources */ = {isa = PBXBuildFile; fileRef = 93E4EC64203D7E0D00B28F24 /* AlertHelper.swift */; };
/* End PBXBuildFile section */

/* Begin PBXContainerItemProxy section */
		9323E634204D7DC70032C60B /* PBXContainerItemProxy */ = {
			isa = PBXContainerItemProxy;
			containerPortal = 9323E62F204D7DC70032C60B /* SnapKit.xcodeproj */;
			proxyType = 2;
			remoteGlobalIDString = EEBCC9D819CC627D0083B827;
			remoteInfo = SnapKit;
		};
		9323E636204D7DC70032C60B /* PBXContainerItemProxy */ = {
			isa = PBXContainerItemProxy;
			containerPortal = 9323E62F204D7DC70032C60B /* SnapKit.xcodeproj */;
			proxyType = 2;
			remoteGlobalIDString = EEBCC9E219CC627E0083B827;
			remoteInfo = "SnapKit Tests";
		};
/* End PBXContainerItemProxy section */

/* Begin PBXFileReference section */
		9309296F203AEFAE00C87E46 /* Error.swift */ = {isa = PBXFileReference; lastKnownFileType = sourcecode.swift; path = Error.swift; sourceTree = "<group>"; };
		9314207A206D4810003C5DFA /* SerchListViewController.swift */ = {isa = PBXFileReference; lastKnownFileType = sourcecode.swift; path = SerchListViewController.swift; sourceTree = "<group>"; };
		9323E62F204D7DC70032C60B /* SnapKit.xcodeproj */ = {isa = PBXFileReference; lastKnownFileType = "wrapper.pb-project"; name = SnapKit.xcodeproj; path = SnapKit/SnapKit.xcodeproj; sourceTree = "<group>"; };
		933B70CF206A91A300EA4217 /* DateFormatable.swift */ = {isa = PBXFileReference; lastKnownFileType = sourcecode.swift; path = DateFormatable.swift; sourceTree = "<group>"; };
		933B70D1206A977500EA4217 /* TrialCancelDateHandler.swift */ = {isa = PBXFileReference; lastKnownFileType = sourcecode.swift; path = TrialCancelDateHandler.swift; sourceTree = "<group>"; };
		934C4C2F2033313100E85BBB /* ThirtyDayTrial.app */ = {isa = PBXFileReference; explicitFileType = wrapper.application; includeInIndex = 0; path = ThirtyDayTrial.app; sourceTree = BUILT_PRODUCTS_DIR; };
		934C4C322033313100E85BBB /* AppDelegate.swift */ = {isa = PBXFileReference; lastKnownFileType = sourcecode.swift; path = AppDelegate.swift; sourceTree = "<group>"; };
		934C4C342033313100E85BBB /* TrialListViewController.swift */ = {isa = PBXFileReference; lastKnownFileType = sourcecode.swift; path = TrialListViewController.swift; sourceTree = "<group>"; };
		934C4C372033313100E85BBB /* Base */ = {isa = PBXFileReference; lastKnownFileType = file.storyboard; name = Base; path = Base.lproj/Main.storyboard; sourceTree = "<group>"; };
		934C4C3A2033313100E85BBB /* _0DayTrial.xcdatamodel */ = {isa = PBXFileReference; lastKnownFileType = wrapper.xcdatamodel; path = _0DayTrial.xcdatamodel; sourceTree = "<group>"; };
		934C4C3C2033313100E85BBB /* Assets.xcassets */ = {isa = PBXFileReference; lastKnownFileType = folder.assetcatalog; path = Assets.xcassets; sourceTree = "<group>"; };
		934C4C3F2033313100E85BBB /* Base */ = {isa = PBXFileReference; lastKnownFileType = file.storyboard; name = Base; path = Base.lproj/LaunchScreen.storyboard; sourceTree = "<group>"; };
		934C4C412033313100E85BBB /* Info.plist */ = {isa = PBXFileReference; lastKnownFileType = text.plist.xml; path = Info.plist; sourceTree = "<group>"; };
		934C4C49203331A900E85BBB /* TrialPeriod.swift */ = {isa = PBXFileReference; lastKnownFileType = sourcecode.swift; path = TrialPeriod.swift; sourceTree = "<group>"; };
		934C4C4B20335A1800E85BBB /* TrialHandler.swift */ = {isa = PBXFileReference; lastKnownFileType = sourcecode.swift; path = TrialHandler.swift; sourceTree = "<group>"; };
		9352F6E120482A59003A75C0 /* TrialTableViewDatasource.swift */ = {isa = PBXFileReference; lastKnownFileType = sourcecode.swift; path = TrialTableViewDatasource.swift; sourceTree = "<group>"; };
		9352F6E32048304A003A75C0 /* CustomTrialViewController.swift */ = {isa = PBXFileReference; lastKnownFileType = sourcecode.swift; path = CustomTrialViewController.swift; sourceTree = "<group>"; };
		9352F6E5204842C1003A75C0 /* CustomUIControls.swift */ = {isa = PBXFileReference; lastKnownFileType = sourcecode.swift; path = CustomUIControls.swift; sourceTree = "<group>"; };
		9352F6E7204842D6003A75C0 /* CustomUITextViews.swift */ = {isa = PBXFileReference; lastKnownFileType = sourcecode.swift; path = CustomUITextViews.swift; sourceTree = "<group>"; };
		9352F6E920484339003A75C0 /* CustomUIBars.swift */ = {isa = PBXFileReference; lastKnownFileType = sourcecode.swift; path = CustomUIBars.swift; sourceTree = "<group>"; };
		93676DD1204E9B7700E0DB0D /* NotValidatedFeedback.swift */ = {isa = PBXFileReference; lastKnownFileType = sourcecode.swift; path = NotValidatedFeedback.swift; sourceTree = "<group>"; };
		93676DD3204E9BCA00E0DB0D /* Validatable.swift */ = {isa = PBXFileReference; lastKnownFileType = sourcecode.swift; path = Validatable.swift; sourceTree = "<group>"; };
		93676DD5204E9C0200E0DB0D /* ValidatorRules.swift */ = {isa = PBXFileReference; lastKnownFileType = sourcecode.swift; path = ValidatorRules.swift; sourceTree = "<group>"; };
		93676DD7204E9C7200E0DB0D /* ValidatorError.swift */ = {isa = PBXFileReference; lastKnownFileType = sourcecode.swift; path = ValidatorError.swift; sourceTree = "<group>"; };
		93676DD9204E9CCE00E0DB0D /* StringValidator.swift */ = {isa = PBXFileReference; lastKnownFileType = sourcecode.swift; path = StringValidator.swift; sourceTree = "<group>"; };
		93676DDB204E9D7C00E0DB0D /* StringHolder.swift */ = {isa = PBXFileReference; lastKnownFileType = sourcecode.swift; path = StringHolder.swift; sourceTree = "<group>"; };
		9395E618206B878F00E3574C /* LocalNotifier.swift */ = {isa = PBXFileReference; lastKnownFileType = sourcecode.swift; path = LocalNotifier.swift; sourceTree = "<group>"; };
		939C71AA20610E4C00E068D2 /* DataStandardTrials.swift */ = {isa = PBXFileReference; lastKnownFileType = sourcecode.swift; path = DataStandardTrials.swift; sourceTree = "<group>"; };
		93B2BB25206C137600E2BF2E /* BaseListViewController.swift */ = {isa = PBXFileReference; lastKnownFileType = sourcecode.swift; path = BaseListViewController.swift; sourceTree = "<group>"; };
		93C70218205BF56A00F75A99 /* StandardTrialViewController.swift */ = {isa = PBXFileReference; lastKnownFileType = sourcecode.swift; path = StandardTrialViewController.swift; sourceTree = "<group>"; };
		93E4EC64203D7E0D00B28F24 /* AlertHelper.swift */ = {isa = PBXFileReference; lastKnownFileType = sourcecode.swift; path = AlertHelper.swift; sourceTree = "<group>"; };
/* End PBXFileReference section */

/* Begin PBXFrameworksBuildPhase section */
		934C4C2C2033313100E85BBB /* Frameworks */ = {
			isa = PBXFrameworksBuildPhase;
			buildActionMask = 2147483647;
			files = (
				9323E638204D7DD10032C60B /* SnapKit.framework in Frameworks */,
			);
			runOnlyForDeploymentPostprocessing = 0;
		};
/* End PBXFrameworksBuildPhase section */

/* Begin PBXGroup section */
		9323E630204D7DC70032C60B /* Products */ = {
			isa = PBXGroup;
			children = (
				9323E635204D7DC70032C60B /* SnapKit.framework */,
				9323E637204D7DC70032C60B /* SnapKit Tests.xctest */,
			);
			name = Products;
			sourceTree = "<group>";
		};
		934C4C262033313100E85BBB = {
			isa = PBXGroup;
			children = (
				934C4C312033313100E85BBB /* 30DayTrial */,
				934C4C302033313100E85BBB /* Products */,
				9352F706204846DA003A75C0 /* Frameworks */,
			);
			sourceTree = "<group>";
		};
		934C4C302033313100E85BBB /* Products */ = {
			isa = PBXGroup;
			children = (
				934C4C2F2033313100E85BBB /* ThirtyDayTrial.app */,
			);
			name = Products;
			sourceTree = "<group>";
		};
		934C4C312033313100E85BBB /* 30DayTrial */ = {
			isa = PBXGroup;
			children = (
				934C4C322033313100E85BBB /* AppDelegate.swift */,
				934C4C482033317100E85BBB /* Controllers */,
				934C4C472033316600E85BBB /* Models */,
				934C4C362033313100E85BBB /* Main.storyboard */,
				934C4C3C2033313100E85BBB /* Assets.xcassets */,
				934C4C3E2033313100E85BBB /* LaunchScreen.storyboard */,
				934C4C412033313100E85BBB /* Info.plist */,
				934C4C392033313100E85BBB /* _0DayTrial.xcdatamodeld */,
			);
			path = 30DayTrial;
			sourceTree = "<group>";
		};
		934C4C472033316600E85BBB /* Models */ = {
			isa = PBXGroup;
			children = (
				93676DCC204E8F3D00E0DB0D /* Validation */,
				9352F6E020482A2C003A75C0 /* Generic */,
				9352F6DF20482A1C003A75C0 /* Trial */,
			);
			path = Models;
			sourceTree = "<group>";
		};
		934C4C482033317100E85BBB /* Controllers */ = {
			isa = PBXGroup;
			children = (
				934C4C342033313100E85BBB /* TrialListViewController.swift */,
				93C70218205BF56A00F75A99 /* StandardTrialViewController.swift */,
				9352F6E32048304A003A75C0 /* CustomTrialViewController.swift */,
				93B2BB25206C137600E2BF2E /* BaseListViewController.swift */,
				9314207A206D4810003C5DFA /* SerchListViewController.swift */,
			);
			path = Controllers;
			sourceTree = "<group>";
		};
		9352F6DF20482A1C003A75C0 /* Trial */ = {
			isa = PBXGroup;
			children = (
				934C4C4B20335A1800E85BBB /* TrialHandler.swift */,
				933B70D1206A977500EA4217 /* TrialCancelDateHandler.swift */,
				934C4C49203331A900E85BBB /* TrialPeriod.swift */,
				9352F6E120482A59003A75C0 /* TrialTableViewDatasource.swift */,
				939C71AA20610E4C00E068D2 /* DataStandardTrials.swift */,
			);
			path = Trial;
			sourceTree = "<group>";
		};
		9352F6E020482A2C003A75C0 /* Generic */ = {
			isa = PBXGroup;
			children = (
				93E4EC64203D7E0D00B28F24 /* AlertHelper.swift */,
				9395E618206B878F00E3574C /* LocalNotifier.swift */,
				933B70CF206A91A300EA4217 /* DateFormatable.swift */,
				9309296F203AEFAE00C87E46 /* Error.swift */,
				9352F6E7204842D6003A75C0 /* CustomUITextViews.swift */,
				9352F6E5204842C1003A75C0 /* CustomUIControls.swift */,
				9352F6E920484339003A75C0 /* CustomUIBars.swift */,
			);
			path = Generic;
			sourceTree = "<group>";
		};
		9352F706204846DA003A75C0 /* Frameworks */ = {
			isa = PBXGroup;
			children = (
				9323E62F204D7DC70032C60B /* SnapKit.xcodeproj */,
			);
			name = Frameworks;
			sourceTree = "<group>";
		};
		93676DCC204E8F3D00E0DB0D /* Validation */ = {
			isa = PBXGroup;
			children = (
				93676DD1204E9B7700E0DB0D /* NotValidatedFeedback.swift */,
				93676DD3204E9BCA00E0DB0D /* Validatable.swift */,
				93676DD5204E9C0200E0DB0D /* ValidatorRules.swift */,
				93676DD7204E9C7200E0DB0D /* ValidatorError.swift */,
				93676DD9204E9CCE00E0DB0D /* StringValidator.swift */,
				93676DDB204E9D7C00E0DB0D /* StringHolder.swift */,
			);
			path = Validation;
			sourceTree = "<group>";
		};
/* End PBXGroup section */

/* Begin PBXNativeTarget section */
		934C4C2E2033313100E85BBB /* ThirtyDayTrial */ = {
			isa = PBXNativeTarget;
			buildConfigurationList = 934C4C442033313100E85BBB /* Build configuration list for PBXNativeTarget "ThirtyDayTrial" */;
			buildPhases = (
				934C4C2B2033313100E85BBB /* Sources */,
				934C4C2C2033313100E85BBB /* Frameworks */,
				934C4C2D2033313100E85BBB /* Resources */,
			);
			buildRules = (
			);
			dependencies = (
			);
			name = ThirtyDayTrial;
			productName = 30DayTrial;
			productReference = 934C4C2F2033313100E85BBB /* ThirtyDayTrial.app */;
			productType = "com.apple.product-type.application";
		};
/* End PBXNativeTarget section */

/* Begin PBXProject section */
		934C4C272033313100E85BBB /* Project object */ = {
			isa = PBXProject;
			attributes = {
				LastSwiftUpdateCheck = 0920;
				LastUpgradeCheck = 0920;
				ORGANIZATIONNAME = "Tørk Egeberg";
				TargetAttributes = {
					934C4C2E2033313100E85BBB = {
						CreatedOnToolsVersion = 9.2;
						ProvisioningStyle = Automatic;
					};
				};
			};
			buildConfigurationList = 934C4C2A2033313100E85BBB /* Build configuration list for PBXProject "ThirtyDayTrial" */;
			compatibilityVersion = "Xcode 8.0";
			developmentRegion = en;
			hasScannedForEncodings = 0;
			knownRegions = (
				en,
				Base,
			);
			mainGroup = 934C4C262033313100E85BBB;
			productRefGroup = 934C4C302033313100E85BBB /* Products */;
			projectDirPath = "";
			projectReferences = (
				{
					ProductGroup = 9323E630204D7DC70032C60B /* Products */;
					ProjectRef = 9323E62F204D7DC70032C60B /* SnapKit.xcodeproj */;
				},
			);
			projectRoot = "";
			targets = (
				934C4C2E2033313100E85BBB /* ThirtyDayTrial */,
			);
		};
/* End PBXProject section */

/* Begin PBXReferenceProxy section */
		9323E635204D7DC70032C60B /* SnapKit.framework */ = {
			isa = PBXReferenceProxy;
			fileType = wrapper.framework;
			path = SnapKit.framework;
			remoteRef = 9323E634204D7DC70032C60B /* PBXContainerItemProxy */;
			sourceTree = BUILT_PRODUCTS_DIR;
		};
		9323E637204D7DC70032C60B /* SnapKit Tests.xctest */ = {
			isa = PBXReferenceProxy;
			fileType = wrapper.cfbundle;
			path = "SnapKit Tests.xctest";
			remoteRef = 9323E636204D7DC70032C60B /* PBXContainerItemProxy */;
			sourceTree = BUILT_PRODUCTS_DIR;
		};
/* End PBXReferenceProxy section */

/* Begin PBXResourcesBuildPhase section */
		934C4C2D2033313100E85BBB /* Resources */ = {
			isa = PBXResourcesBuildPhase;
			buildActionMask = 2147483647;
			files = (
				934C4C402033313100E85BBB /* LaunchScreen.storyboard in Resources */,
				934C4C3D2033313100E85BBB /* Assets.xcassets in Resources */,
				934C4C382033313100E85BBB /* Main.storyboard in Resources */,
			);
			runOnlyForDeploymentPostprocessing = 0;
		};
/* End PBXResourcesBuildPhase section */

/* Begin PBXSourcesBuildPhase section */
		934C4C2B2033313100E85BBB /* Sources */ = {
			isa = PBXSourcesBuildPhase;
			buildActionMask = 2147483647;
			files = (
				9352F6E6204842C1003A75C0 /* CustomUIControls.swift in Sources */,
				934C4C352033313100E85BBB /* TrialListViewController.swift in Sources */,
				93676DD8204E9C7200E0DB0D /* ValidatorError.swift in Sources */,
				933B70D0206A91A300EA4217 /* DateFormatable.swift in Sources */,
				93676DDA204E9CCE00E0DB0D /* StringValidator.swift in Sources */,
				9352F6EA20484339003A75C0 /* CustomUIBars.swift in Sources */,
				934C4C332033313100E85BBB /* AppDelegate.swift in Sources */,
				93B2BB26206C137600E2BF2E /* BaseListViewController.swift in Sources */,
				933B70D2206A977500EA4217 /* TrialCancelDateHandler.swift in Sources */,
				9352F6E8204842D6003A75C0 /* CustomUITextViews.swift in Sources */,
				93676DDC204E9D7C00E0DB0D /* StringHolder.swift in Sources */,
				93676DD2204E9B7700E0DB0D /* NotValidatedFeedback.swift in Sources */,
				93C70219205BF56A00F75A99 /* StandardTrialViewController.swift in Sources */,
				9352F6E42048304A003A75C0 /* CustomTrialViewController.swift in Sources */,
				934C4C4C20335A1800E85BBB /* TrialHandler.swift in Sources */,
				9314207B206D4810003C5DFA /* SerchListViewController.swift in Sources */,
				9352F6E220482A59003A75C0 /* TrialTableViewDatasource.swift in Sources */,
				93676DD4204E9BCA00E0DB0D /* Validatable.swift in Sources */,
				93E4EC65203D7E0D00B28F24 /* AlertHelper.swift in Sources */,
				93676DD6204E9C0200E0DB0D /* ValidatorRules.swift in Sources */,
				934C4C3B2033313100E85BBB /* _0DayTrial.xcdatamodeld in Sources */,
				939C71AB20610E4C00E068D2 /* DataStandardTrials.swift in Sources */,
				93092970203AEFAE00C87E46 /* Error.swift in Sources */,
				9395E619206B878F00E3574C /* LocalNotifier.swift in Sources */,
				934C4C4A203331A900E85BBB /* TrialPeriod.swift in Sources */,
			);
			runOnlyForDeploymentPostprocessing = 0;
		};
/* End PBXSourcesBuildPhase section */

/* Begin PBXVariantGroup section */
		934C4C362033313100E85BBB /* Main.storyboard */ = {
			isa = PBXVariantGroup;
			children = (
				934C4C372033313100E85BBB /* Base */,
			);
			name = Main.storyboard;
			sourceTree = "<group>";
		};
		934C4C3E2033313100E85BBB /* LaunchScreen.storyboard */ = {
			isa = PBXVariantGroup;
			children = (
				934C4C3F2033313100E85BBB /* Base */,
			);
			name = LaunchScreen.storyboard;
			sourceTree = "<group>";
		};
/* End PBXVariantGroup section */

/* Begin XCBuildConfiguration section */
		934C4C422033313100E85BBB /* Debug */ = {
			isa = XCBuildConfiguration;
			buildSettings = {
				ALWAYS_SEARCH_USER_PATHS = NO;
				CLANG_ANALYZER_NONNULL = YES;
				CLANG_ANALYZER_NUMBER_OBJECT_CONVERSION = YES_AGGRESSIVE;
				CLANG_CXX_LANGUAGE_STANDARD = "gnu++14";
				CLANG_CXX_LIBRARY = "libc++";
				CLANG_ENABLE_MODULES = YES;
				CLANG_ENABLE_OBJC_ARC = YES;
				CLANG_WARN_BLOCK_CAPTURE_AUTORELEASING = YES;
				CLANG_WARN_BOOL_CONVERSION = YES;
				CLANG_WARN_COMMA = YES;
				CLANG_WARN_CONSTANT_CONVERSION = YES;
				CLANG_WARN_DIRECT_OBJC_ISA_USAGE = YES_ERROR;
				CLANG_WARN_DOCUMENTATION_COMMENTS = YES;
				CLANG_WARN_EMPTY_BODY = YES;
				CLANG_WARN_ENUM_CONVERSION = YES;
				CLANG_WARN_INFINITE_RECURSION = YES;
				CLANG_WARN_INT_CONVERSION = YES;
				CLANG_WARN_NON_LITERAL_NULL_CONVERSION = YES;
				CLANG_WARN_OBJC_LITERAL_CONVERSION = YES;
				CLANG_WARN_OBJC_ROOT_CLASS = YES_ERROR;
				CLANG_WARN_RANGE_LOOP_ANALYSIS = YES;
				CLANG_WARN_STRICT_PROTOTYPES = YES;
				CLANG_WARN_SUSPICIOUS_MOVE = YES;
				CLANG_WARN_UNGUARDED_AVAILABILITY = YES_AGGRESSIVE;
				CLANG_WARN_UNREACHABLE_CODE = YES;
				CLANG_WARN__DUPLICATE_METHOD_MATCH = YES;
				CODE_SIGN_IDENTITY = "iPhone Developer";
				COPY_PHASE_STRIP = NO;
				DEBUG_INFORMATION_FORMAT = dwarf;
				ENABLE_STRICT_OBJC_MSGSEND = YES;
				ENABLE_TESTABILITY = YES;
				GCC_C_LANGUAGE_STANDARD = gnu11;
				GCC_DYNAMIC_NO_PIC = NO;
				GCC_NO_COMMON_BLOCKS = YES;
				GCC_OPTIMIZATION_LEVEL = 0;
				GCC_PREPROCESSOR_DEFINITIONS = (
					"DEBUG=1",
					"$(inherited)",
				);
				GCC_WARN_64_TO_32_BIT_CONVERSION = YES;
				GCC_WARN_ABOUT_RETURN_TYPE = YES_ERROR;
				GCC_WARN_UNDECLARED_SELECTOR = YES;
				GCC_WARN_UNINITIALIZED_AUTOS = YES_AGGRESSIVE;
				GCC_WARN_UNUSED_FUNCTION = YES;
				GCC_WARN_UNUSED_VARIABLE = YES;
				IPHONEOS_DEPLOYMENT_TARGET = 11.2;
				MTL_ENABLE_DEBUG_INFO = YES;
				ONLY_ACTIVE_ARCH = YES;
				SDKROOT = iphoneos;
				SWIFT_ACTIVE_COMPILATION_CONDITIONS = DEBUG;
				SWIFT_OPTIMIZATION_LEVEL = "-Onone";
			};
			name = Debug;
		};
		934C4C432033313100E85BBB /* Release */ = {
			isa = XCBuildConfiguration;
			buildSettings = {
				ALWAYS_SEARCH_USER_PATHS = NO;
				CLANG_ANALYZER_NONNULL = YES;
				CLANG_ANALYZER_NUMBER_OBJECT_CONVERSION = YES_AGGRESSIVE;
				CLANG_CXX_LANGUAGE_STANDARD = "gnu++14";
				CLANG_CXX_LIBRARY = "libc++";
				CLANG_ENABLE_MODULES = YES;
				CLANG_ENABLE_OBJC_ARC = YES;
				CLANG_WARN_BLOCK_CAPTURE_AUTORELEASING = YES;
				CLANG_WARN_BOOL_CONVERSION = YES;
				CLANG_WARN_COMMA = YES;
				CLANG_WARN_CONSTANT_CONVERSION = YES;
				CLANG_WARN_DIRECT_OBJC_ISA_USAGE = YES_ERROR;
				CLANG_WARN_DOCUMENTATION_COMMENTS = YES;
				CLANG_WARN_EMPTY_BODY = YES;
				CLANG_WARN_ENUM_CONVERSION = YES;
				CLANG_WARN_INFINITE_RECURSION = YES;
				CLANG_WARN_INT_CONVERSION = YES;
				CLANG_WARN_NON_LITERAL_NULL_CONVERSION = YES;
				CLANG_WARN_OBJC_LITERAL_CONVERSION = YES;
				CLANG_WARN_OBJC_ROOT_CLASS = YES_ERROR;
				CLANG_WARN_RANGE_LOOP_ANALYSIS = YES;
				CLANG_WARN_STRICT_PROTOTYPES = YES;
				CLANG_WARN_SUSPICIOUS_MOVE = YES;
				CLANG_WARN_UNGUARDED_AVAILABILITY = YES_AGGRESSIVE;
				CLANG_WARN_UNREACHABLE_CODE = YES;
				CLANG_WARN__DUPLICATE_METHOD_MATCH = YES;
				CODE_SIGN_IDENTITY = "iPhone Developer";
				COPY_PHASE_STRIP = NO;
				DEBUG_INFORMATION_FORMAT = "dwarf-with-dsym";
				ENABLE_NS_ASSERTIONS = NO;
				ENABLE_STRICT_OBJC_MSGSEND = YES;
				GCC_C_LANGUAGE_STANDARD = gnu11;
				GCC_NO_COMMON_BLOCKS = YES;
				GCC_WARN_64_TO_32_BIT_CONVERSION = YES;
				GCC_WARN_ABOUT_RETURN_TYPE = YES_ERROR;
				GCC_WARN_UNDECLARED_SELECTOR = YES;
				GCC_WARN_UNINITIALIZED_AUTOS = YES_AGGRESSIVE;
				GCC_WARN_UNUSED_FUNCTION = YES;
				GCC_WARN_UNUSED_VARIABLE = YES;
				IPHONEOS_DEPLOYMENT_TARGET = 11.2;
				MTL_ENABLE_DEBUG_INFO = NO;
				SDKROOT = iphoneos;
				SWIFT_OPTIMIZATION_LEVEL = "-Owholemodule";
				VALIDATE_PRODUCT = YES;
			};
			name = Release;
		};
		934C4C452033313100E85BBB /* Debug */ = {
			isa = XCBuildConfiguration;
			buildSettings = {
				ASSETCATALOG_COMPILER_APPICON_NAME = AppIcon;
				CODE_SIGN_STYLE = Automatic;
				INFOPLIST_FILE = 30DayTrial/Info.plist;
				LD_RUNPATH_SEARCH_PATHS = "$(inherited) @executable_path/Frameworks";
				PRODUCT_BUNDLE_IDENTIFIER = "com.TBE.-0DayTrial";
				PRODUCT_NAME = "$(TARGET_NAME)";
				SWIFT_VERSION = 4.0;
				TARGETED_DEVICE_FAMILY = "1,2";
			};
			name = Debug;
		};
		934C4C462033313100E85BBB /* Release */ = {
			isa = XCBuildConfiguration;
			buildSettings = {
				ASSETCATALOG_COMPILER_APPICON_NAME = AppIcon;
				CODE_SIGN_STYLE = Automatic;
				INFOPLIST_FILE = 30DayTrial/Info.plist;
				LD_RUNPATH_SEARCH_PATHS = "$(inherited) @executable_path/Frameworks";
				PRODUCT_BUNDLE_IDENTIFIER = "com.TBE.-0DayTrial";
				PRODUCT_NAME = "$(TARGET_NAME)";
				SWIFT_VERSION = 4.0;
				TARGETED_DEVICE_FAMILY = "1,2";
			};
			name = Release;
		};
/* End XCBuildConfiguration section */

/* Begin XCConfigurationList section */
		934C4C2A2033313100E85BBB /* Build configuration list for PBXProject "ThirtyDayTrial" */ = {
			isa = XCConfigurationList;
			buildConfigurations = (
				934C4C422033313100E85BBB /* Debug */,
				934C4C432033313100E85BBB /* Release */,
			);
			defaultConfigurationIsVisible = 0;
			defaultConfigurationName = Release;
		};
		934C4C442033313100E85BBB /* Build configuration list for PBXNativeTarget "ThirtyDayTrial" */ = {
			isa = XCConfigurationList;
			buildConfigurations = (
				934C4C452033313100E85BBB /* Debug */,
				934C4C462033313100E85BBB /* Release */,
			);
			defaultConfigurationIsVisible = 0;
			defaultConfigurationName = Release;
		};
/* End XCConfigurationList section */

/* Begin XCVersionGroup section */
		934C4C392033313100E85BBB /* _0DayTrial.xcdatamodeld */ = {
			isa = XCVersionGroup;
			children = (
				934C4C3A2033313100E85BBB /* _0DayTrial.xcdatamodel */,
			);
			currentVersion = 934C4C3A2033313100E85BBB /* _0DayTrial.xcdatamodel */;
			path = _0DayTrial.xcdatamodeld;
			sourceTree = "<group>";
			versionGroupType = wrapper.xcdatamodel;
		};
/* End XCVersionGroup section */
	};
	rootObject = 934C4C272033313100E85BBB /* Project object */;
}
